
Microsoft Visual Studio Solution File, Format Version 12.00
# Visual Studio Version 16
VisualStudioVersion = 16.0.31424.327
MinimumVisualStudioVersion = 10.0.40219.1
Project("{FAE04EC0-301F-11D3-BF4B-00C04F79EFBC}") = "FindMissingNumbers", "FindMissingNumbers.csproj", "{F5EA5007-B1EE-4494-B805-C9049D7F2F4A}"
EndProject
Global
	GlobalSection(SolutionConfigurationPlatforms) = preSolution
		Debug|Any CPU = Debug|Any CPU
		Release|Any CPU = Release|Any CPU
	EndGlobalSection
	GlobalSection(ProjectConfigurationPlatforms) = postSolution
		{F5EA5007-B1EE-4494-B805-C9049D7F2F4A}.Debug|Any CPU.ActiveCfg = Debug|Any CPU
		{F5EA5007-B1EE-4494-B805-C9049D7F2F4A}.Debug|Any CPU.Build.0 = Debug|Any CPU
		{F5EA5007-B1EE-4494-B805-C9049D7F2F4A}.Release|Any CPU.ActiveCfg = Release|Any CPU
		{F5EA5007-B1EE-4494-B805-C9049D7F2F4A}.Release|Any CPU.Build.0 = Release|Any CPU
	EndGlobalSection
	GlobalSection(SolutionProperties) = preSolution
		HideSolutionNode = FALSE
	EndGlobalSection
	GlobalSection(ExtensibilityGlobals) = postSolution
		SolutionGuid = {894B1FD2-5F6B-4A07-B2BF-30E6FBE6AB59}
	EndGlobalSection
EndGlobal
